
Microsoft Visual Studio Solution File, Format Version 12.00
# Visual Studio Version 16
VisualStudioVersion = 16.0.30804.86
MinimumVisualStudioVersion = 10.0.40219.1
Project("{9A19103F-16F7-4668-BE54-9A1E7A4F7556}") = "Telegram.Bot.Core", "Telegram.Bot.Core\Telegram.Bot.Core.csproj", "{243DB993-4B1A-4F84-B09E-1DE770FAC5D4}"
EndProject
Project("{FAE04EC0-301F-11D3-BF4B-00C04F79EFBC}") = "Telegram.Bot.Core.Example", "Telegram.Bot.Core.Example\Telegram.Bot.Core.Example.csproj", "{94A1FE65-9FC2-4AA1-94A7-45A96D7DDF00}"
EndProject
Global
	GlobalSection(SolutionConfigurationPlatforms) = preSolution
		Debug|Any CPU = Debug|Any CPU
		Release|Any CPU = Release|Any CPU
	EndGlobalSection
	GlobalSection(ProjectConfigurationPlatforms) = postSolution
		{243DB993-4B1A-4F84-B09E-1DE770FAC5D4}.Debug|Any CPU.ActiveCfg = Debug|Any CPU
		{243DB993-4B1A-4F84-B09E-1DE770FAC5D4}.Debug|Any CPU.Build.0 = Debug|Any CPU
		{243DB993-4B1A-4F84-B09E-1DE770FAC5D4}.Release|Any CPU.ActiveCfg = Release|Any CPU
		{243DB993-4B1A-4F84-B09E-1DE770FAC5D4}.Release|Any CPU.Build.0 = Release|Any CPU
		{94A1FE65-9FC2-4AA1-94A7-45A96D7DDF00}.Debug|Any CPU.ActiveCfg = Debug|Any CPU
		{94A1FE65-9FC2-4AA1-94A7-45A96D7DDF00}.Debug|Any CPU.Build.0 = Debug|Any CPU
		{94A1FE65-9FC2-4AA1-94A7-45A96D7DDF00}.Release|Any CPU.ActiveCfg = Release|Any CPU
		{94A1FE65-9FC2-4AA1-94A7-45A96D7DDF00}.Release|Any CPU.Build.0 = Release|Any CPU
	EndGlobalSection
	GlobalSection(SolutionProperties) = preSolution
		HideSolutionNode = FALSE
	EndGlobalSection
	GlobalSection(ExtensibilityGlobals) = postSolution
		SolutionGuid = {78A1655A-92BC-45CD-950E-ED1BC5532CCD}
	EndGlobalSection
EndGlobal
